dependencies:
- name: ui
  repository: file://../ui
  version: 1.0.0
- name: post
  repository: file://../post
  version: 1.0.0
- name: comment
  repository: file://../comment
  version: 1.0.0
digest: sha256:5ec53132b5c5cb0272d2d60caeb38d1595d21496f48b894b0a69b119cbd0f099
generated: 2017-12-11T16:46:07.223258132+03:00
